
Microsoft Visual Studio Solution File, Format Version 12.00
# Visual Studio Version 16
VisualStudioVersion = 16.0.32002.261
MinimumVisualStudioVersion = 10.0.40219.1
Project("{FAE04EC0-301F-11D3-BF4B-00C04F79EFBC}") = "Lab13_1", "Lab13_1\Lab13_1.csproj", "{BA78282B-CCC8-4744-89E6-AE7727C885D7}"
EndProject
Global
	GlobalSection(SolutionConfigurationPlatforms) = preSolution
		Debug|Any CPU = Debug|Any CPU
		Release|Any CPU = Release|Any CPU
	EndGlobalSection
	GlobalSection(ProjectConfigurationPlatforms) = postSolution
		{BA78282B-CCC8-4744-89E6-AE7727C885D7}.Debug|Any CPU.ActiveCfg = Debug|Any CPU
		{BA78282B-CCC8-4744-89E6-AE7727C885D7}.Debug|Any CPU.Build.0 = Debug|Any CPU
		{BA78282B-CCC8-4744-89E6-AE7727C885D7}.Release|Any CPU.ActiveCfg = Release|Any CPU
		{BA78282B-CCC8-4744-89E6-AE7727C885D7}.Release|Any CPU.Build.0 = Release|Any CPU
	EndGlobalSection
	GlobalSection(SolutionProperties) = preSolution
		HideSolutionNode = FALSE
	EndGlobalSection
	GlobalSection(ExtensibilityGlobals) = postSolution
		SolutionGuid = {5F98F90D-4BFA-46BF-9A33-A5E8BCE04696}
	EndGlobalSection
EndGlobal
